
Microsoft Visual Studio Solution File, Format Version 12.00
# Visual Studio Version 16
VisualStudioVersion = 16.0.29209.62
MinimumVisualStudioVersion = 10.0.40219.1
Project("{888888A0-9F3D-457C-B088-3A5042F75D52}") = "Keras-1", "Keras-1\Keras-1.pyproj", "{4928C84E-8724-4EA4-A4F1-AF15225A4955}"
EndProject
Global
	GlobalSection(SolutionConfigurationPlatforms) = preSolution
		Debug|Any CPU = Debug|Any CPU
		Release|Any CPU = Release|Any CPU
	EndGlobalSection
	GlobalSection(ProjectConfigurationPlatforms) = postSolution
		{4928C84E-8724-4EA4-A4F1-AF15225A4955}.Debug|Any CPU.ActiveCfg = Debug|Any CPU
		{4928C84E-8724-4EA4-A4F1-AF15225A4955}.Release|Any CPU.ActiveCfg = Release|Any CPU
	EndGlobalSection
	GlobalSection(SolutionProperties) = preSolution
		HideSolutionNode = FALSE
	EndGlobalSection
	GlobalSection(ExtensibilityGlobals) = postSolution
		SolutionGuid = {9E4A6976-A963-4159-92D0-AF6CD7418CE9}
	EndGlobalSection
EndGlobal
